
Microsoft Visual Studio Solution File, Format Version 12.00
# Visual Studio Version 16
VisualStudioVersion = 16.0.30011.22
MinimumVisualStudioVersion = 10.0.40219.1
Project("{9A19103F-16F7-4668-BE54-9A1E7A4F7556}") = "Unjumble", "Unjumble\Unjumble.csproj", "{B77C9DBE-132A-4810-AD6D-24A264C21EE0}"
EndProject
Project("{2150E333-8FDC-42A3-9474-1A3956D46DE8}") = "Persistence Framework", "Persistence Framework", "{017DD751-310F-4B3A-96FB-0F36F1306080}"
EndProject
Project("{2150E333-8FDC-42A3-9474-1A3956D46DE8}") = "Framework", "Framework", "{F98BD633-9242-42E3-893B-3BAC9B230EFA}"
EndProject
Project("{2150E333-8FDC-42A3-9474-1A3956D46DE8}") = "Services", "Services", "{B3D13A1E-F44D-4FE6-AE7A-B853954959D4}"
EndProject
Project("{2150E333-8FDC-42A3-9474-1A3956D46DE8}") = "Test", "Test", "{6B63590D-4D93-4310-92BD-DBD55B4F8377}"
EndProject
Project("{9A19103F-16F7-4668-BE54-9A1E7A4F7556}") = "Unjumble.Core", "Unjumble.Core\Unjumble.Core.csproj", "{540EE01C-C76F-4EBA-BA07-75A8994E4265}"
EndProject
Project("{9A19103F-16F7-4668-BE54-9A1E7A4F7556}") = "Unjumble.EntityFrameworkCore", "Unjumble.EntityFrameworkCore\Unjumble.EntityFrameworkCore.csproj", "{6D6F9071-278A-4552-8797-3DB97FCAA5A2}"
EndProject
Project("{2150E333-8FDC-42A3-9474-1A3956D46DE8}") = "Communication", "Communication", "{D34B60F8-1AA3-4F1F-A89E-D457D2C9FE23}"
EndProject
Project("{2150E333-8FDC-42A3-9474-1A3956D46DE8}") = "Managment", "Managment", "{397D45A0-49BB-419A-9534-1A5E3BB92F89}"
EndProject
Project("{2150E333-8FDC-42A3-9474-1A3956D46DE8}") = "Security", "Security", "{64ACD0A5-4C3B-4B1C-9451-2A15B6E0FDC2}"
EndProject
Project("{9A19103F-16F7-4668-BE54-9A1E7A4F7556}") = "Unjumble.Registration", "Unjumble.Registration\Unjumble.Registration.csproj", "{F2408B62-6A53-4E12-A25C-883806D759D2}"
EndProject
Project("{9A19103F-16F7-4668-BE54-9A1E7A4F7556}") = "Unjumble.Email", "Unjumble.Email\Unjumble.Email.csproj", "{68F68799-8E12-4C56-BABC-4001281FF197}"
EndProject
Project("{9A19103F-16F7-4668-BE54-9A1E7A4F7556}") = "Unjumble.Activation", "Unjumble.Activation\Unjumble.Activation.csproj", "{6DE9B4A7-D93E-4D56-92F7-CEC700DCDEBA}"
EndProject
Project("{2150E333-8FDC-42A3-9474-1A3956D46DE8}") = "Cloud Storage", "Cloud Storage", "{9B237B93-2E2C-4034-9544-373B43B9D52A}"
EndProject
Project("{9A19103F-16F7-4668-BE54-9A1E7A4F7556}") = "Unjumble.Cloudinary", "Unjumble.Cloudinary\Unjumble.Cloudinary.csproj", "{E7BD6F29-4B59-4772-8B51-004279FDE7A0}"
EndProject
Project("{9A19103F-16F7-4668-BE54-9A1E7A4F7556}") = "Unjumble.Company", "Unjumble.Company\Unjumble.Company.csproj", "{D5FBF167-4CAE-400A-B34E-7EC6B67A7590}"
EndProject
Project("{9A19103F-16F7-4668-BE54-9A1E7A4F7556}") = "Unjumble.Auth", "Unjumble.Auth\Unjumble.Auth.csproj", "{B59ADF75-98F7-40AB-981E-C1E70BC8B8E6}"
EndProject
Project("{9A19103F-16F7-4668-BE54-9A1E7A4F7556}") = "Unjumble.Documentation", "Unjumble.Documentation\Unjumble.Documentation.csproj", "{525B3EEE-3B0B-4D4F-9405-A0C6DE8D57F7}"
EndProject
Project("{9A19103F-16F7-4668-BE54-9A1E7A4F7556}") = "Unjumble.IssueBase", "Unjumble.IssueBase\Unjumble.IssueBase.csproj", "{6BCE8458-FC25-4666-87C0-A2E86187FD05}"
EndProject
Project("{9A19103F-16F7-4668-BE54-9A1E7A4F7556}") = "Unjumble.CalendarEvent", "Unjumble.CalendarEvent\Unjumble.CalendarEvent.csproj", "{2002266F-A0C6-4088-8C6E-1BA48EA85E07}"
EndProject
Project("{FAE04EC0-301F-11D3-BF4B-00C04F79EFBC}") = "Unjumble.FileSharing", "Unjumble.FileSharing\Unjumble.FileSharing.csproj", "{977B2883-4156-44B1-AB1A-B2437F962214}"
EndProject
Global
	GlobalSection(SolutionConfigurationPlatforms) = preSolution
		Debug|Any CPU = Debug|Any CPU
		Release|Any CPU = Release|Any CPU
	EndGlobalSection
	GlobalSection(ProjectConfigurationPlatforms) = postSolution
		{B77C9DBE-132A-4810-AD6D-24A264C21EE0}.Debug|Any CPU.ActiveCfg = Debug|Any CPU
		{B77C9DBE-132A-4810-AD6D-24A264C21EE0}.Debug|Any CPU.Build.0 = Debug|Any CPU
		{B77C9DBE-132A-4810-AD6D-24A264C21EE0}.Release|Any CPU.ActiveCfg = Release|Any CPU
		{B77C9DBE-132A-4810-AD6D-24A264C21EE0}.Release|Any CPU.Build.0 = Release|Any CPU
		{540EE01C-C76F-4EBA-BA07-75A8994E4265}.Debug|Any CPU.ActiveCfg = Debug|Any CPU
		{540EE01C-C76F-4EBA-BA07-75A8994E4265}.Debug|Any CPU.Build.0 = Debug|Any CPU
		{540EE01C-C76F-4EBA-BA07-75A8994E4265}.Release|Any CPU.ActiveCfg = Release|Any CPU
		{540EE01C-C76F-4EBA-BA07-75A8994E4265}.Release|Any CPU.Build.0 = Release|Any CPU
		{6D6F9071-278A-4552-8797-3DB97FCAA5A2}.Debug|Any CPU.ActiveCfg = Debug|Any CPU
		{6D6F9071-278A-4552-8797-3DB97FCAA5A2}.Debug|Any CPU.Build.0 = Debug|Any CPU
		{6D6F9071-278A-4552-8797-3DB97FCAA5A2}.Release|Any CPU.ActiveCfg = Release|Any CPU
		{6D6F9071-278A-4552-8797-3DB97FCAA5A2}.Release|Any CPU.Build.0 = Release|Any CPU
		{F2408B62-6A53-4E12-A25C-883806D759D2}.Debug|Any CPU.ActiveCfg = Debug|Any CPU
		{F2408B62-6A53-4E12-A25C-883806D759D2}.Debug|Any CPU.Build.0 = Debug|Any CPU
		{F2408B62-6A53-4E12-A25C-883806D759D2}.Release|Any CPU.ActiveCfg = Release|Any CPU
		{F2408B62-6A53-4E12-A25C-883806D759D2}.Release|Any CPU.Build.0 = Release|Any CPU
		{68F68799-8E12-4C56-BABC-4001281FF197}.Debug|Any CPU.ActiveCfg = Debug|Any CPU
		{68F68799-8E12-4C56-BABC-4001281FF197}.Debug|Any CPU.Build.0 = Debug|Any CPU
		{68F68799-8E12-4C56-BABC-4001281FF197}.Release|Any CPU.ActiveCfg = Release|Any CPU
		{68F68799-8E12-4C56-BABC-4001281FF197}.Release|Any CPU.Build.0 = Release|Any CPU
		{6DE9B4A7-D93E-4D56-92F7-CEC700DCDEBA}.Debug|Any CPU.ActiveCfg = Debug|Any CPU
		{6DE9B4A7-D93E-4D56-92F7-CEC700DCDEBA}.Debug|Any CPU.Build.0 = Debug|Any CPU
		{6DE9B4A7-D93E-4D56-92F7-CEC700DCDEBA}.Release|Any CPU.ActiveCfg = Release|Any CPU
		{6DE9B4A7-D93E-4D56-92F7-CEC700DCDEBA}.Release|Any CPU.Build.0 = Release|Any CPU
		{E7BD6F29-4B59-4772-8B51-004279FDE7A0}.Debug|Any CPU.ActiveCfg = Debug|Any CPU
		{E7BD6F29-4B59-4772-8B51-004279FDE7A0}.Debug|Any CPU.Build.0 = Debug|Any CPU
		{E7BD6F29-4B59-4772-8B51-004279FDE7A0}.Release|Any CPU.ActiveCfg = Release|Any CPU
		{E7BD6F29-4B59-4772-8B51-004279FDE7A0}.Release|Any CPU.Build.0 = Release|Any CPU
		{D5FBF167-4CAE-400A-B34E-7EC6B67A7590}.Debug|Any CPU.ActiveCfg = Debug|Any CPU
		{D5FBF167-4CAE-400A-B34E-7EC6B67A7590}.Debug|Any CPU.Build.0 = Debug|Any CPU
		{D5FBF167-4CAE-400A-B34E-7EC6B67A7590}.Release|Any CPU.ActiveCfg = Release|Any CPU
		{D5FBF167-4CAE-400A-B34E-7EC6B67A7590}.Release|Any CPU.Build.0 = Release|Any CPU
		{B59ADF75-98F7-40AB-981E-C1E70BC8B8E6}.Debug|Any CPU.ActiveCfg = Debug|Any CPU
		{B59ADF75-98F7-40AB-981E-C1E70BC8B8E6}.Debug|Any CPU.Build.0 = Debug|Any CPU
		{B59ADF75-98F7-40AB-981E-C1E70BC8B8E6}.Release|Any CPU.ActiveCfg = Release|Any CPU
		{B59ADF75-98F7-40AB-981E-C1E70BC8B8E6}.Release|Any CPU.Build.0 = Release|Any CPU
		{525B3EEE-3B0B-4D4F-9405-A0C6DE8D57F7}.Debug|Any CPU.ActiveCfg = Debug|Any CPU
		{525B3EEE-3B0B-4D4F-9405-A0C6DE8D57F7}.Debug|Any CPU.Build.0 = Debug|Any CPU
		{525B3EEE-3B0B-4D4F-9405-A0C6DE8D57F7}.Release|Any CPU.ActiveCfg = Release|Any CPU
		{525B3EEE-3B0B-4D4F-9405-A0C6DE8D57F7}.Release|Any CPU.Build.0 = Release|Any CPU
		{6BCE8458-FC25-4666-87C0-A2E86187FD05}.Debug|Any CPU.ActiveCfg = Debug|Any CPU
		{6BCE8458-FC25-4666-87C0-A2E86187FD05}.Debug|Any CPU.Build.0 = Debug|Any CPU
		{6BCE8458-FC25-4666-87C0-A2E86187FD05}.Release|Any CPU.ActiveCfg = Release|Any CPU
		{6BCE8458-FC25-4666-87C0-A2E86187FD05}.Release|Any CPU.Build.0 = Release|Any CPU
		{2002266F-A0C6-4088-8C6E-1BA48EA85E07}.Debug|Any CPU.ActiveCfg = Debug|Any CPU
		{2002266F-A0C6-4088-8C6E-1BA48EA85E07}.Debug|Any CPU.Build.0 = Debug|Any CPU
		{2002266F-A0C6-4088-8C6E-1BA48EA85E07}.Release|Any CPU.ActiveCfg = Release|Any CPU
		{2002266F-A0C6-4088-8C6E-1BA48EA85E07}.Release|Any CPU.Build.0 = Release|Any CPU
		{977B2883-4156-44B1-AB1A-B2437F962214}.Debug|Any CPU.ActiveCfg = Debug|Any CPU
		{977B2883-4156-44B1-AB1A-B2437F962214}.Debug|Any CPU.Build.0 = Debug|Any CPU
		{977B2883-4156-44B1-AB1A-B2437F962214}.Release|Any CPU.ActiveCfg = Release|Any CPU
		{977B2883-4156-44B1-AB1A-B2437F962214}.Release|Any CPU.Build.0 = Release|Any CPU
	EndGlobalSection
	GlobalSection(SolutionProperties) = preSolution
		HideSolutionNode = FALSE
	EndGlobalSection
	GlobalSection(NestedProjects) = preSolution
		{540EE01C-C76F-4EBA-BA07-75A8994E4265} = {F98BD633-9242-42E3-893B-3BAC9B230EFA}
		{6D6F9071-278A-4552-8797-3DB97FCAA5A2} = {017DD751-310F-4B3A-96FB-0F36F1306080}
		{D34B60F8-1AA3-4F1F-A89E-D457D2C9FE23} = {B3D13A1E-F44D-4FE6-AE7A-B853954959D4}
		{397D45A0-49BB-419A-9534-1A5E3BB92F89} = {B3D13A1E-F44D-4FE6-AE7A-B853954959D4}
		{64ACD0A5-4C3B-4B1C-9451-2A15B6E0FDC2} = {B3D13A1E-F44D-4FE6-AE7A-B853954959D4}
		{F2408B62-6A53-4E12-A25C-883806D759D2} = {64ACD0A5-4C3B-4B1C-9451-2A15B6E0FDC2}
		{68F68799-8E12-4C56-BABC-4001281FF197} = {D34B60F8-1AA3-4F1F-A89E-D457D2C9FE23}
		{6DE9B4A7-D93E-4D56-92F7-CEC700DCDEBA} = {64ACD0A5-4C3B-4B1C-9451-2A15B6E0FDC2}
		{9B237B93-2E2C-4034-9544-373B43B9D52A} = {B3D13A1E-F44D-4FE6-AE7A-B853954959D4}
		{E7BD6F29-4B59-4772-8B51-004279FDE7A0} = {9B237B93-2E2C-4034-9544-373B43B9D52A}
		{D5FBF167-4CAE-400A-B34E-7EC6B67A7590} = {397D45A0-49BB-419A-9534-1A5E3BB92F89}
		{B59ADF75-98F7-40AB-981E-C1E70BC8B8E6} = {64ACD0A5-4C3B-4B1C-9451-2A15B6E0FDC2}
		{525B3EEE-3B0B-4D4F-9405-A0C6DE8D57F7} = {397D45A0-49BB-419A-9534-1A5E3BB92F89}
		{6BCE8458-FC25-4666-87C0-A2E86187FD05} = {397D45A0-49BB-419A-9534-1A5E3BB92F89}
		{2002266F-A0C6-4088-8C6E-1BA48EA85E07} = {397D45A0-49BB-419A-9534-1A5E3BB92F89}
		{977B2883-4156-44B1-AB1A-B2437F962214} = {397D45A0-49BB-419A-9534-1A5E3BB92F89}
	EndGlobalSection
	GlobalSection(ExtensibilityGlobals) = postSolution
		SolutionGuid = {BAA4F22C-676A-4743-88D3-855D8C1CA645}
	EndGlobalSection
EndGlobal
